<?xml version="1.0" encoding="utf-8"?>
<Project ToolsVersion="4.0" xmlns="http://schemas.microsoft.com/developer/msbuild/2003">
  <ItemGroup>
    <Filter Include="Source Files">
      <UniqueIdentifier>{4FC737F1-C7A5-4376-A066-2A32D752A2FF}</UniqueIdentifier>
      <Extensions>cpp;c;cc;cxx;def;odl;idl;hpj;bat;asm;asmx</Extensions>
    </Filter>
    <Filter Include="Header Files">
      <UniqueIdentifier>{93995380-89BD-4b04-88EB-625FBE52EBFB}</UniqueIdentifier>
      <Extensions>h;hh;hpp;hxx;hm;inl;inc;xsd</Extensions>
    </Filter>
    <Filter Include="Resource Files">
      <UniqueIdentifier>{67DA6AB6-F800-4c08-8B7A-83BB121AAD01}</UniqueIdentifier>
      <Extensions>rc;ico;cur;bmp;dlg;rc2;rct;bin;rgs;gif;jpg;jpeg;jpe;resx;tiff;tif;png;wav;mfcribbon-ms</Extensions>
    </Filter>
    <Filter Include="Header Files\GuiClasses">
      <UniqueIdentifier>{2e7429bd-71b8-4b63-9c17-cd81db1683e8}</UniqueIdentifier>
    </Filter>
    <Filter Include="Source Files\GuiClasses">
      <UniqueIdentifier>{e4a51784-1035-4737-90b1-120723498edd}</UniqueIdentifier>
    </Filter>
    <Filter Include="Header Files\MapUtils">
      <UniqueIdentifier>{c78ba659-53de-4eb5-88ae-ea18e225aaee}</UniqueIdentifier>
    </Filter>
    <Filter Include="Source Files\MapUtils">
      <UniqueIdentifier>{e1fb3d08-5aab-4370-a582-053795f2a716}</UniqueIdentifier>
    </Filter>
    <Filter Include="Header Files\MapUtils\Moveable">
      <UniqueIdentifier>{f961348c-678a-41b2-ad28-053c8bee2d5c}</UniqueIdentifier>
    </Filter>
    <Filter Include="Source Files\MapUtils\Moveable">
      <UniqueIdentifier>{76c89969-d4b3-466b-84e3-9db300f9b262}</UniqueIdentifier>
    </Filter>
  </ItemGroup>
  <ItemGroup>
    <ClInclude Include="GameWindow.h">
      <Filter>Header Files</Filter>
    </ClInclude>
    <ClInclude Include="RenderTools.h">
      <Filter>Header Files</Filter>
    </ClInclude>
    <ClInclude Include="TextureBuffer.h">
      <Filter>Header Files</Filter>
    </ClInclude>
    <ClInclude Include="ButtonClass.h">
      <Filter>Header Files\GuiClasses</Filter>
    </ClInclude>
    <ClInclude Include="LabelClass.h">
      <Filter>Header Files\GuiClasses</Filter>
    </ClInclude>
    <ClInclude Include="TextBoxClassh.h">
      <Filter>Header Files\GuiClasses</Filter>
    </ClInclude>
    <ClInclude Include="Cell.h">
      <Filter>Header Files\MapUtils</Filter>
    </ClInclude>
    <ClInclude Include="MapObject.h">
      <Filter>Header Files\MapUtils</Filter>
    </ClInclude>
    <ClInclude Include="Player.h">
      <Filter>Header Files\MapUtils</Filter>
    </ClInclude>
    <ClInclude Include="WorldMap.h">
      <Filter>Header Files\MapUtils</Filter>
    </ClInclude>
    <ClInclude Include="ProgressBarClass.h">
      <Filter>Header Files\GuiClasses</Filter>
    </ClInclude>
    <ClInclude Include="Point.h">
      <Filter>Header Files\MapUtils</Filter>
    </ClInclude>
    <ClInclude Include="Tree.h">
      <Filter>Header Files\MapUtils</Filter>
    </ClInclude>
    <ClInclude Include="Item.h">
      <Filter>Header Files\MapUtils</Filter>
    </ClInclude>
    <ClInclude Include="Rock.h">
      <Filter>Header Files\MapUtils</Filter>
    </ClInclude>
    <ClInclude Include="Interaction.h">
      <Filter>Header Files\MapUtils</Filter>
    </ClInclude>
    <ClInclude Include="Animal.h">
      <Filter>Header Files\MapUtils\Moveable</Filter>
    </ClInclude>
  </ItemGroup>
  <ItemGroup>
    <ClCompile Include="GameWindow.cpp">
      <Filter>Source Files</Filter>
    </ClCompile>
    <ClCompile Include="RenderTools.cpp">
      <Filter>Source Files</Filter>
    </ClCompile>
    <ClCompile Include="Source.cpp">
      <Filter>Source Files</Filter>
    </ClCompile>
    <ClCompile Include="TextureBuffer.cpp">
      <Filter>Source Files</Filter>
    </ClCompile>
    <ClCompile Include="ButtonClass.cpp">
      <Filter>Source Files\GuiClasses</Filter>
    </ClCompile>
    <ClCompile Include="LabelClass.cpp">
      <Filter>Source Files\GuiClasses</Filter>
    </ClCompile>
    <ClCompile Include="TextBoxClass.cpp">
      <Filter>Source Files\GuiClasses</Filter>
    </ClCompile>
    <ClCompile Include="Cell.cpp">
      <Filter>Source Files\MapUtils</Filter>
    </ClCompile>
    <ClCompile Include="MapObject.cpp">
      <Filter>Source Files\MapUtils</Filter>
    </ClCompile>
    <ClCompile Include="Point.cpp">
      <Filter>Source Files\MapUtils</Filter>
    </ClCompile>
    <ClCompile Include="Player.cpp">
      <Filter>Source Files\MapUtils</Filter>
    </ClCompile>
    <ClCompile Include="WorldMap.cpp">
      <Filter>Source Files\MapUtils</Filter>
    </ClCompile>
    <ClCompile Include="ProgressBarClass.cpp">
      <Filter>Source Files\GuiClasses</Filter>
    </ClCompile>
    <ClCompile Include="Item.cpp">
      <Filter>Source Files</Filter>
    </ClCompile>
    <ClCompile Include="Tree.cpp">
      <Filter>Source Files\MapUtils</Filter>
    </ClCompile>
    <ClCompile Include="Rock.cpp">
      <Filter>Source Files\MapUtils</Filter>
    </ClCompile>
    <ClCompile Include="Interaction.cpp">
      <Filter>Source Files\MapUtils</Filter>
    </ClCompile>
    <ClCompile Include="Animal.cpp">
      <Filter>Source Files\MapUtils\Moveable</Filter>
    </ClCompile>
  </ItemGroup>
</Project>